
Microsoft Visual Studio Solution File, Format Version 12.00
# Visual Studio 2012
Project("{FAE04EC0-301F-11D3-BF4B-00C04F79EFBC}") = "ShooterTutorial", "ShooterTutorial\ShooterTutorial.csproj", "{EBB148C9-A374-4C38-B5CF-79F9CE0F6934}"
EndProject
Project("{FAE04EC0-301F-11D3-BF4B-00C04F79EFBC}") = "ShooterContent", "ShooterContent\ShooterContent\ShooterContent.csproj", "{8FC21C2A-01C7-4043-A69D-5B908BD84543}"
EndProject
Project("{FAE04EC0-301F-11D3-BF4B-00C04F79EFBC}") = "ShooterContentContent", "ShooterContent\ShooterContentContent\ShooterContentContent.contentproj", "{E46F4BB3-7A17-4E8D-8805-8FC0ACB615CB}"
EndProject
Project("{FAE04EC0-301F-11D3-BF4B-00C04F79EFBC}") = "ShooterContentTypes", "ShooterContentTypes\ShooterContentTypes.csproj", "{C5B2C61D-D4B5-4B74-832F-C45C42B4685E}"
EndProject
Project("{FAE04EC0-301F-11D3-BF4B-00C04F79EFBC}") = "ShooterContentTypesPipeline", "ShooterContentTypesPipeline\ShooterContentTypesPipeline.csproj", "{C5F3C1DD-97FC-4B3C-938B-92A5AD4910CA}"
EndProject
Global
	GlobalSection(SolutionConfigurationPlatforms) = preSolution
		Android|Any CPU = Android|Any CPU
		Android|ARM = Android|ARM
		Android|Mixed Platforms = Android|Mixed Platforms
		Android|x64 = Android|x64
		Android|x86 = Android|x86
		Debug|Any CPU = Debug|Any CPU
		Debug|ARM = Debug|ARM
		Debug|Mixed Platforms = Debug|Mixed Platforms
		Debug|x64 = Debug|x64
		Debug|x86 = Debug|x86
		iOS|Any CPU = iOS|Any CPU
		iOS|ARM = iOS|ARM
		iOS|Mixed Platforms = iOS|Mixed Platforms
		iOS|x64 = iOS|x64
		iOS|x86 = iOS|x86
		Linux|Any CPU = Linux|Any CPU
		Linux|ARM = Linux|ARM
		Linux|Mixed Platforms = Linux|Mixed Platforms
		Linux|x64 = Linux|x64
		Linux|x86 = Linux|x86
		OSX|Any CPU = OSX|Any CPU
		OSX|ARM = OSX|ARM
		OSX|Mixed Platforms = OSX|Mixed Platforms
		OSX|x64 = OSX|x64
		OSX|x86 = OSX|x86
		PSM|Any CPU = PSM|Any CPU
		PSM|ARM = PSM|ARM
		PSM|Mixed Platforms = PSM|Mixed Platforms
		PSM|x64 = PSM|x64
		PSM|x86 = PSM|x86
		Release|Any CPU = Release|Any CPU
		Release|ARM = Release|ARM
		Release|Mixed Platforms = Release|Mixed Platforms
		Release|x64 = Release|x64
		Release|x86 = Release|x86
		Windows|Any CPU = Windows|Any CPU
		Windows|ARM = Windows|ARM
		Windows|Mixed Platforms = Windows|Mixed Platforms
		Windows|x64 = Windows|x64
		Windows|x86 = Windows|x86
		Windows8|Any CPU = Windows8|Any CPU
		Windows8|ARM = Windows8|ARM
		Windows8|Mixed Platforms = Windows8|Mixed Platforms
		Windows8|x64 = Windows8|x64
		Windows8|x86 = Windows8|x86
	EndGlobalSection
	GlobalSection(ProjectConfigurationPlatforms) = postSolution
		{EBB148C9-A374-4C38-B5CF-79F9CE0F6934}.Android|Any CPU.ActiveCfg = Release|Any CPU
		{EBB148C9-A374-4C38-B5CF-79F9CE0F6934}.Android|Any CPU.Build.0 = Release|Any CPU
		{EBB148C9-A374-4C38-B5CF-79F9CE0F6934}.Android|Any CPU.Deploy.0 = Release|Any CPU
		{EBB148C9-A374-4C38-B5CF-79F9CE0F6934}.Android|ARM.ActiveCfg = Release|ARM
		{EBB148C9-A374-4C38-B5CF-79F9CE0F6934}.Android|ARM.Build.0 = Release|ARM
		{EBB148C9-A374-4C38-B5CF-79F9CE0F6934}.Android|ARM.Deploy.0 = Release|ARM
		{EBB148C9-A374-4C38-B5CF-79F9CE0F6934}.Android|Mixed Platforms.ActiveCfg = Debug|x86
		{EBB148C9-A374-4C38-B5CF-79F9CE0F6934}.Android|Mixed Platforms.Build.0 = Debug|x86
		{EBB148C9-A374-4C38-B5CF-79F9CE0F6934}.Android|Mixed Platforms.Deploy.0 = Debug|x86
		{EBB148C9-A374-4C38-B5CF-79F9CE0F6934}.Android|x64.ActiveCfg = Release|x64
		{EBB148C9-A374-4C38-B5CF-79F9CE0F6934}.Android|x64.Build.0 = Release|x64
		{EBB148C9-A374-4C38-B5CF-79F9CE0F6934}.Android|x64.Deploy.0 = Release|x64
		{EBB148C9-A374-4C38-B5CF-79F9CE0F6934}.Android|x86.ActiveCfg = Release|x86
		{EBB148C9-A374-4C38-B5CF-79F9CE0F6934}.Android|x86.Build.0 = Release|x86
		{EBB148C9-A374-4C38-B5CF-79F9CE0F6934}.Android|x86.Deploy.0 = Release|x86
		{EBB148C9-A374-4C38-B5CF-79F9CE0F6934}.Debug|Any CPU.ActiveCfg = Debug|Any CPU
		{EBB148C9-A374-4C38-B5CF-79F9CE0F6934}.Debug|Any CPU.Build.0 = Debug|Any CPU
		{EBB148C9-A374-4C38-B5CF-79F9CE0F6934}.Debug|Any CPU.Deploy.0 = Debug|Any CPU
		{EBB148C9-A374-4C38-B5CF-79F9CE0F6934}.Debug|ARM.ActiveCfg = Debug|ARM
		{EBB148C9-A374-4C38-B5CF-79F9CE0F6934}.Debug|ARM.Build.0 = Debug|ARM
		{EBB148C9-A374-4C38-B5CF-79F9CE0F6934}.Debug|ARM.Deploy.0 = Debug|ARM
		{EBB148C9-A374-4C38-B5CF-79F9CE0F6934}.Debug|Mixed Platforms.ActiveCfg = Debug|Any CPU
		{EBB148C9-A374-4C38-B5CF-79F9CE0F6934}.Debug|Mixed Platforms.Build.0 = Debug|Any CPU
		{EBB148C9-A374-4C38-B5CF-79F9CE0F6934}.Debug|Mixed Platforms.Deploy.0 = Debug|Any CPU
		{EBB148C9-A374-4C38-B5CF-79F9CE0F6934}.Debug|x64.ActiveCfg = Debug|x64
		{EBB148C9-A374-4C38-B5CF-79F9CE0F6934}.Debug|x64.Build.0 = Debug|x64
		{EBB148C9-A374-4C38-B5CF-79F9CE0F6934}.Debug|x64.Deploy.0 = Debug|x64
		{EBB148C9-A374-4C38-B5CF-79F9CE0F6934}.Debug|x86.ActiveCfg = Debug|x86
		{EBB148C9-A374-4C38-B5CF-79F9CE0F6934}.Debug|x86.Build.0 = Debug|x86
		{EBB148C9-A374-4C38-B5CF-79F9CE0F6934}.Debug|x86.Deploy.0 = Debug|x86
		{EBB148C9-A374-4C38-B5CF-79F9CE0F6934}.iOS|Any CPU.ActiveCfg = Release|Any CPU
		{EBB148C9-A374-4C38-B5CF-79F9CE0F6934}.iOS|Any CPU.Build.0 = Release|Any CPU
		{EBB148C9-A374-4C38-B5CF-79F9CE0F6934}.iOS|Any CPU.Deploy.0 = Release|Any CPU
		{EBB148C9-A374-4C38-B5CF-79F9CE0F6934}.iOS|ARM.ActiveCfg = Release|ARM
		{EBB148C9-A374-4C38-B5CF-79F9CE0F6934}.iOS|ARM.Build.0 = Release|ARM
		{EBB148C9-A374-4C38-B5CF-79F9CE0F6934}.iOS|ARM.Deploy.0 = Release|ARM
		{EBB148C9-A374-4C38-B5CF-79F9CE0F6934}.iOS|Mixed Platforms.ActiveCfg = Debug|x86
		{EBB148C9-A374-4C38-B5CF-79F9CE0F6934}.iOS|Mixed Platforms.Build.0 = Debug|x86
		{EBB148C9-A374-4C38-B5CF-79F9CE0F6934}.iOS|Mixed Platforms.Deploy.0 = Debug|x86
		{EBB148C9-A374-4C38-B5CF-79F9CE0F6934}.iOS|x64.ActiveCfg = Release|x64
		{EBB148C9-A374-4C38-B5CF-79F9CE0F6934}.iOS|x64.Build.0 = Release|x64
		{EBB148C9-A374-4C38-B5CF-79F9CE0F6934}.iOS|x64.Deploy.0 = Release|x64
		{EBB148C9-A374-4C38-B5CF-79F9CE0F6934}.iOS|x86.ActiveCfg = Release|x86
		{EBB148C9-A374-4C38-B5CF-79F9CE0F6934}.iOS|x86.Build.0 = Release|x86
		{EBB148C9-A374-4C38-B5CF-79F9CE0F6934}.iOS|x86.Deploy.0 = Release|x86
		{EBB148C9-A374-4C38-B5CF-79F9CE0F6934}.Linux|Any CPU.ActiveCfg = Release|Any CPU
		{EBB148C9-A374-4C38-B5CF-79F9CE0F6934}.Linux|Any CPU.Build.0 = Release|Any CPU
		{EBB148C9-A374-4C38-B5CF-79F9CE0F6934}.Linux|Any CPU.Deploy.0 = Release|Any CPU
		{EBB148C9-A374-4C38-B5CF-79F9CE0F6934}.Linux|ARM.ActiveCfg = Release|ARM
		{EBB148C9-A374-4C38-B5CF-79F9CE0F6934}.Linux|ARM.Build.0 = Release|ARM
		{EBB148C9-A374-4C38-B5CF-79F9CE0F6934}.Linux|ARM.Deploy.0 = Release|ARM
		{EBB148C9-A374-4C38-B5CF-79F9CE0F6934}.Linux|Mixed Platforms.ActiveCfg = Debug|x86
		{EBB148C9-A374-4C38-B5CF-79F9CE0F6934}.Linux|Mixed Platforms.Build.0 = Debug|x86
		{EBB148C9-A374-4C38-B5CF-79F9CE0F6934}.Linux|Mixed Platforms.Deploy.0 = Debug|x86
		{EBB148C9-A374-4C38-B5CF-79F9CE0F6934}.Linux|x64.ActiveCfg = Release|x64
		{EBB148C9-A374-4C38-B5CF-79F9CE0F6934}.Linux|x64.Build.0 = Release|x64
		{EBB148C9-A374-4C38-B5CF-79F9CE0F6934}.Linux|x64.Deploy.0 = Release|x64
		{EBB148C9-A374-4C38-B5CF-79F9CE0F6934}.Linux|x86.ActiveCfg = Release|x86
		{EBB148C9-A374-4C38-B5CF-79F9CE0F6934}.Linux|x86.Build.0 = Release|x86
		{EBB148C9-A374-4C38-B5CF-79F9CE0F6934}.Linux|x86.Deploy.0 = Release|x86
		{EBB148C9-A374-4C38-B5CF-79F9CE0F6934}.OSX|Any CPU.ActiveCfg = Release|Any CPU
		{EBB148C9-A374-4C38-B5CF-79F9CE0F6934}.OSX|Any CPU.Build.0 = Release|Any CPU
		{EBB148C9-A374-4C38-B5CF-79F9CE0F6934}.OSX|Any CPU.Deploy.0 = Release|Any CPU
		{EBB148C9-A374-4C38-B5CF-79F9CE0F6934}.OSX|ARM.ActiveCfg = Release|ARM
		{EBB148C9-A374-4C38-B5CF-79F9CE0F6934}.OSX|ARM.Build.0 = Release|ARM
		{EBB148C9-A374-4C38-B5CF-79F9CE0F6934}.OSX|ARM.Deploy.0 = Release|ARM
		{EBB148C9-A374-4C38-B5CF-79F9CE0F6934}.OSX|Mixed Platforms.ActiveCfg = Debug|x86
		{EBB148C9-A374-4C38-B5CF-79F9CE0F6934}.OSX|Mixed Platforms.Build.0 = Debug|x86
		{EBB148C9-A374-4C38-B5CF-79F9CE0F6934}.OSX|Mixed Platforms.Deploy.0 = Debug|x86
		{EBB148C9-A374-4C38-B5CF-79F9CE0F6934}.OSX|x64.ActiveCfg = Release|x64
		{EBB148C9-A374-4C38-B5CF-79F9CE0F6934}.OSX|x64.Build.0 = Release|x64
		{EBB148C9-A374-4C38-B5CF-79F9CE0F6934}.OSX|x64.Deploy.0 = Release|x64
		{EBB148C9-A374-4C38-B5CF-79F9CE0F6934}.OSX|x86.ActiveCfg = Release|x86
		{EBB148C9-A374-4C38-B5CF-79F9CE0F6934}.OSX|x86.Build.0 = Release|x86
		{EBB148C9-A374-4C38-B5CF-79F9CE0F6934}.OSX|x86.Deploy.0 = Release|x86
		{EBB148C9-A374-4C38-B5CF-79F9CE0F6934}.PSM|Any CPU.ActiveCfg = Release|Any CPU
		{EBB148C9-A374-4C38-B5CF-79F9CE0F6934}.PSM|Any CPU.Build.0 = Release|Any CPU
		{EBB148C9-A374-4C38-B5CF-79F9CE0F6934}.PSM|Any CPU.Deploy.0 = Release|Any CPU
		{EBB148C9-A374-4C38-B5CF-79F9CE0F6934}.PSM|ARM.ActiveCfg = Release|ARM
		{EBB148C9-A374-4C38-B5CF-79F9CE0F6934}.PSM|ARM.Build.0 = Release|ARM
		{EBB148C9-A374-4C38-B5CF-79F9CE0F6934}.PSM|ARM.Deploy.0 = Release|ARM
		{EBB148C9-A374-4C38-B5CF-79F9CE0F6934}.PSM|Mixed Platforms.ActiveCfg = Debug|x86
		{EBB148C9-A374-4C38-B5CF-79F9CE0F6934}.PSM|Mixed Platforms.Build.0 = Debug|x86
		{EBB148C9-A374-4C38-B5CF-79F9CE0F6934}.PSM|Mixed Platforms.Deploy.0 = Debug|x86
		{EBB148C9-A374-4C38-B5CF-79F9CE0F6934}.PSM|x64.ActiveCfg = Release|x64
		{EBB148C9-A374-4C38-B5CF-79F9CE0F6934}.PSM|x64.Build.0 = Release|x64
		{EBB148C9-A374-4C38-B5CF-79F9CE0F6934}.PSM|x64.Deploy.0 = Release|x64
		{EBB148C9-A374-4C38-B5CF-79F9CE0F6934}.PSM|x86.ActiveCfg = Release|x86
		{EBB148C9-A374-4C38-B5CF-79F9CE0F6934}.PSM|x86.Build.0 = Release|x86
		{EBB148C9-A374-4C38-B5CF-79F9CE0F6934}.PSM|x86.Deploy.0 = Release|x86
		{EBB148C9-A374-4C38-B5CF-79F9CE0F6934}.Release|Any CPU.ActiveCfg = Release|Any CPU
		{EBB148C9-A374-4C38-B5CF-79F9CE0F6934}.Release|Any CPU.Build.0 = Release|Any CPU
		{EBB148C9-A374-4C38-B5CF-79F9CE0F6934}.Release|Any CPU.Deploy.0 = Release|Any CPU
		{EBB148C9-A374-4C38-B5CF-79F9CE0F6934}.Release|ARM.ActiveCfg = Release|ARM
		{EBB148C9-A374-4C38-B5CF-79F9CE0F6934}.Release|ARM.Build.0 = Release|ARM
		{EBB148C9-A374-4C38-B5CF-79F9CE0F6934}.Release|ARM.Deploy.0 = Release|ARM
		{EBB148C9-A374-4C38-B5CF-79F9CE0F6934}.Release|Mixed Platforms.ActiveCfg = Release|x86
		{EBB148C9-A374-4C38-B5CF-79F9CE0F6934}.Release|Mixed Platforms.Build.0 = Release|x86
		{EBB148C9-A374-4C38-B5CF-79F9CE0F6934}.Release|Mixed Platforms.Deploy.0 = Release|x86
		{EBB148C9-A374-4C38-B5CF-79F9CE0F6934}.Release|x64.ActiveCfg = Release|x64
		{EBB148C9-A374-4C38-B5CF-79F9CE0F6934}.Release|x64.Build.0 = Release|x64
		{EBB148C9-A374-4C38-B5CF-79F9CE0F6934}.Release|x64.Deploy.0 = Release|x64
		{EBB148C9-A374-4C38-B5CF-79F9CE0F6934}.Release|x86.ActiveCfg = Release|x86
		{EBB148C9-A374-4C38-B5CF-79F9CE0F6934}.Release|x86.Build.0 = Release|x86
		{EBB148C9-A374-4C38-B5CF-79F9CE0F6934}.Release|x86.Deploy.0 = Release|x86
		{EBB148C9-A374-4C38-B5CF-79F9CE0F6934}.Windows|Any CPU.ActiveCfg = Release|Any CPU
		{EBB148C9-A374-4C38-B5CF-79F9CE0F6934}.Windows|Any CPU.Build.0 = Release|Any CPU
		{EBB148C9-A374-4C38-B5CF-79F9CE0F6934}.Windows|Any CPU.Deploy.0 = Release|Any CPU
		{EBB148C9-A374-4C38-B5CF-79F9CE0F6934}.Windows|ARM.ActiveCfg = Release|ARM
		{EBB148C9-A374-4C38-B5CF-79F9CE0F6934}.Windows|ARM.Build.0 = Release|ARM
		{EBB148C9-A374-4C38-B5CF-79F9CE0F6934}.Windows|ARM.Deploy.0 = Release|ARM
		{EBB148C9-A374-4C38-B5CF-79F9CE0F6934}.Windows|Mixed Platforms.ActiveCfg = Debug|x86
		{EBB148C9-A374-4C38-B5CF-79F9CE0F6934}.Windows|Mixed Platforms.Build.0 = Debug|x86
		{EBB148C9-A374-4C38-B5CF-79F9CE0F6934}.Windows|Mixed Platforms.Deploy.0 = Debug|x86
		{EBB148C9-A374-4C38-B5CF-79F9CE0F6934}.Windows|x64.ActiveCfg = Release|x64
		{EBB148C9-A374-4C38-B5CF-79F9CE0F6934}.Windows|x64.Build.0 = Release|x64
		{EBB148C9-A374-4C38-B5CF-79F9CE0F6934}.Windows|x64.Deploy.0 = Release|x64
		{EBB148C9-A374-4C38-B5CF-79F9CE0F6934}.Windows|x86.ActiveCfg = Release|x86
		{EBB148C9-A374-4C38-B5CF-79F9CE0F6934}.Windows|x86.Build.0 = Release|x86
		{EBB148C9-A374-4C38-B5CF-79F9CE0F6934}.Windows|x86.Deploy.0 = Release|x86
		{EBB148C9-A374-4C38-B5CF-79F9CE0F6934}.Windows8|Any CPU.ActiveCfg = Release|Any CPU
		{EBB148C9-A374-4C38-B5CF-79F9CE0F6934}.Windows8|Any CPU.Build.0 = Release|Any CPU
		{EBB148C9-A374-4C38-B5CF-79F9CE0F6934}.Windows8|Any CPU.Deploy.0 = Release|Any CPU
		{EBB148C9-A374-4C38-B5CF-79F9CE0F6934}.Windows8|ARM.ActiveCfg = Release|ARM
		{EBB148C9-A374-4C38-B5CF-79F9CE0F6934}.Windows8|ARM.Build.0 = Release|ARM
		{EBB148C9-A374-4C38-B5CF-79F9CE0F6934}.Windows8|ARM.Deploy.0 = Release|ARM
		{EBB148C9-A374-4C38-B5CF-79F9CE0F6934}.Windows8|Mixed Platforms.ActiveCfg = Debug|x86
		{EBB148C9-A374-4C38-B5CF-79F9CE0F6934}.Windows8|Mixed Platforms.Build.0 = Debug|x86
		{EBB148C9-A374-4C38-B5CF-79F9CE0F6934}.Windows8|Mixed Platforms.Deploy.0 = Debug|x86
		{EBB148C9-A374-4C38-B5CF-79F9CE0F6934}.Windows8|x64.ActiveCfg = Release|x64
		{EBB148C9-A374-4C38-B5CF-79F9CE0F6934}.Windows8|x64.Build.0 = Release|x64
		{EBB148C9-A374-4C38-B5CF-79F9CE0F6934}.Windows8|x64.Deploy.0 = Release|x64
		{EBB148C9-A374-4C38-B5CF-79F9CE0F6934}.Windows8|x86.ActiveCfg = Release|x86
		{EBB148C9-A374-4C38-B5CF-79F9CE0F6934}.Windows8|x86.Build.0 = Release|x86
		{EBB148C9-A374-4C38-B5CF-79F9CE0F6934}.Windows8|x86.Deploy.0 = Release|x86
		{8FC21C2A-01C7-4043-A69D-5B908BD84543}.Android|Any CPU.ActiveCfg = Android|Any CPU
		{8FC21C2A-01C7-4043-A69D-5B908BD84543}.Android|Any CPU.Build.0 = Android|Any CPU
		{8FC21C2A-01C7-4043-A69D-5B908BD84543}.Android|ARM.ActiveCfg = Android|Any CPU
		{8FC21C2A-01C7-4043-A69D-5B908BD84543}.Android|Mixed Platforms.ActiveCfg = Android|Any CPU
		{8FC21C2A-01C7-4043-A69D-5B908BD84543}.Android|Mixed Platforms.Build.0 = Android|Any CPU
		{8FC21C2A-01C7-4043-A69D-5B908BD84543}.Android|x64.ActiveCfg = Android|Any CPU
		{8FC21C2A-01C7-4043-A69D-5B908BD84543}.Android|x86.ActiveCfg = Android|Any CPU
		{8FC21C2A-01C7-4043-A69D-5B908BD84543}.Debug|Any CPU.ActiveCfg = PSM|Any CPU
		{8FC21C2A-01C7-4043-A69D-5B908BD84543}.Debug|Any CPU.Build.0 = PSM|Any CPU
		{8FC21C2A-01C7-4043-A69D-5B908BD84543}.Debug|ARM.ActiveCfg = PSM|Any CPU
		{8FC21C2A-01C7-4043-A69D-5B908BD84543}.Debug|Mixed Platforms.ActiveCfg = Windows8|Any CPU
		{8FC21C2A-01C7-4043-A69D-5B908BD84543}.Debug|Mixed Platforms.Build.0 = Windows8|Any CPU
		{8FC21C2A-01C7-4043-A69D-5B908BD84543}.Debug|x64.ActiveCfg = PSM|Any CPU
		{8FC21C2A-01C7-4043-A69D-5B908BD84543}.Debug|x86.ActiveCfg = PSM|Any CPU
		{8FC21C2A-01C7-4043-A69D-5B908BD84543}.iOS|Any CPU.ActiveCfg = iOS|Any CPU
		{8FC21C2A-01C7-4043-A69D-5B908BD84543}.iOS|Any CPU.Build.0 = iOS|Any CPU
		{8FC21C2A-01C7-4043-A69D-5B908BD84543}.iOS|ARM.ActiveCfg = iOS|Any CPU
		{8FC21C2A-01C7-4043-A69D-5B908BD84543}.iOS|Mixed Platforms.ActiveCfg = iOS|Any CPU
		{8FC21C2A-01C7-4043-A69D-5B908BD84543}.iOS|Mixed Platforms.Build.0 = iOS|Any CPU
		{8FC21C2A-01C7-4043-A69D-5B908BD84543}.iOS|x64.ActiveCfg = iOS|Any CPU
		{8FC21C2A-01C7-4043-A69D-5B908BD84543}.iOS|x86.ActiveCfg = iOS|Any CPU
		{8FC21C2A-01C7-4043-A69D-5B908BD84543}.Linux|Any CPU.ActiveCfg = Linux|Any CPU
		{8FC21C2A-01C7-4043-A69D-5B908BD84543}.Linux|Any CPU.Build.0 = Linux|Any CPU
		{8FC21C2A-01C7-4043-A69D-5B908BD84543}.Linux|ARM.ActiveCfg = Linux|Any CPU
		{8FC21C2A-01C7-4043-A69D-5B908BD84543}.Linux|Mixed Platforms.ActiveCfg = Linux|Any CPU
		{8FC21C2A-01C7-4043-A69D-5B908BD84543}.Linux|Mixed Platforms.Build.0 = Linux|Any CPU
		{8FC21C2A-01C7-4043-A69D-5B908BD84543}.Linux|x64.ActiveCfg = Linux|Any CPU
		{8FC21C2A-01C7-4043-A69D-5B908BD84543}.Linux|x86.ActiveCfg = Linux|Any CPU
		{8FC21C2A-01C7-4043-A69D-5B908BD84543}.OSX|Any CPU.ActiveCfg = OSX|Any CPU
		{8FC21C2A-01C7-4043-A69D-5B908BD84543}.OSX|Any CPU.Build.0 = OSX|Any CPU
		{8FC21C2A-01C7-4043-A69D-5B908BD84543}.OSX|ARM.ActiveCfg = OSX|Any CPU
		{8FC21C2A-01C7-4043-A69D-5B908BD84543}.OSX|Mixed Platforms.ActiveCfg = OSX|Any CPU
		{8FC21C2A-01C7-4043-A69D-5B908BD84543}.OSX|Mixed Platforms.Build.0 = OSX|Any CPU
		{8FC21C2A-01C7-4043-A69D-5B908BD84543}.OSX|x64.ActiveCfg = OSX|Any CPU
		{8FC21C2A-01C7-4043-A69D-5B908BD84543}.OSX|x86.ActiveCfg = OSX|Any CPU
		{8FC21C2A-01C7-4043-A69D-5B908BD84543}.PSM|Any CPU.ActiveCfg = PSM|Any CPU
		{8FC21C2A-01C7-4043-A69D-5B908BD84543}.PSM|Any CPU.Build.0 = PSM|Any CPU
		{8FC21C2A-01C7-4043-A69D-5B908BD84543}.PSM|ARM.ActiveCfg = PSM|Any CPU
		{8FC21C2A-01C7-4043-A69D-5B908BD84543}.PSM|Mixed Platforms.ActiveCfg = PSM|Any CPU
		{8FC21C2A-01C7-4043-A69D-5B908BD84543}.PSM|Mixed Platforms.Build.0 = PSM|Any CPU
		{8FC21C2A-01C7-4043-A69D-5B908BD84543}.PSM|x64.ActiveCfg = PSM|Any CPU
		{8FC21C2A-01C7-4043-A69D-5B908BD84543}.PSM|x86.ActiveCfg = PSM|Any CPU
		{8FC21C2A-01C7-4043-A69D-5B908BD84543}.Release|Any CPU.ActiveCfg = PSM|Any CPU
		{8FC21C2A-01C7-4043-A69D-5B908BD84543}.Release|Any CPU.Build.0 = PSM|Any CPU
		{8FC21C2A-01C7-4043-A69D-5B908BD84543}.Release|ARM.ActiveCfg = PSM|Any CPU
		{8FC21C2A-01C7-4043-A69D-5B908BD84543}.Release|Mixed Platforms.ActiveCfg = Windows8|Any CPU
		{8FC21C2A-01C7-4043-A69D-5B908BD84543}.Release|Mixed Platforms.Build.0 = Windows8|Any CPU
		{8FC21C2A-01C7-4043-A69D-5B908BD84543}.Release|x64.ActiveCfg = PSM|Any CPU
		{8FC21C2A-01C7-4043-A69D-5B908BD84543}.Release|x86.ActiveCfg = PSM|Any CPU
		{8FC21C2A-01C7-4043-A69D-5B908BD84543}.Windows|Any CPU.ActiveCfg = Windows|Any CPU
		{8FC21C2A-01C7-4043-A69D-5B908BD84543}.Windows|Any CPU.Build.0 = Windows|Any CPU
		{8FC21C2A-01C7-4043-A69D-5B908BD84543}.Windows|ARM.ActiveCfg = Windows|Any CPU
		{8FC21C2A-01C7-4043-A69D-5B908BD84543}.Windows|Mixed Platforms.ActiveCfg = Windows|Any CPU
		{8FC21C2A-01C7-4043-A69D-5B908BD84543}.Windows|Mixed Platforms.Build.0 = Windows|Any CPU
		{8FC21C2A-01C7-4043-A69D-5B908BD84543}.Windows|x64.ActiveCfg = Windows|Any CPU
		{8FC21C2A-01C7-4043-A69D-5B908BD84543}.Windows|x86.ActiveCfg = Windows|Any CPU
		{8FC21C2A-01C7-4043-A69D-5B908BD84543}.Windows8|Any CPU.ActiveCfg = Windows8|Any CPU
		{8FC21C2A-01C7-4043-A69D-5B908BD84543}.Windows8|Any CPU.Build.0 = Windows8|Any CPU
		{8FC21C2A-01C7-4043-A69D-5B908BD84543}.Windows8|ARM.ActiveCfg = Windows8|Any CPU
		{8FC21C2A-01C7-4043-A69D-5B908BD84543}.Windows8|Mixed Platforms.ActiveCfg = Windows8|Any CPU
		{8FC21C2A-01C7-4043-A69D-5B908BD84543}.Windows8|Mixed Platforms.Build.0 = Windows8|Any CPU
		{8FC21C2A-01C7-4043-A69D-5B908BD84543}.Windows8|x64.ActiveCfg = Windows8|Any CPU
		{8FC21C2A-01C7-4043-A69D-5B908BD84543}.Windows8|x86.ActiveCfg = Windows8|Any CPU
		{E46F4BB3-7A17-4E8D-8805-8FC0ACB615CB}.Android|Any CPU.ActiveCfg = Android|Any CPU
		{E46F4BB3-7A17-4E8D-8805-8FC0ACB615CB}.Android|ARM.ActiveCfg = Android|Any CPU
		{E46F4BB3-7A17-4E8D-8805-8FC0ACB615CB}.Android|Mixed Platforms.ActiveCfg = Android|Any CPU
		{E46F4BB3-7A17-4E8D-8805-8FC0ACB615CB}.Android|x64.ActiveCfg = Android|Any CPU
		{E46F4BB3-7A17-4E8D-8805-8FC0ACB615CB}.Android|x86.ActiveCfg = Android|Any CPU
		{E46F4BB3-7A17-4E8D-8805-8FC0ACB615CB}.Debug|Any CPU.ActiveCfg = PSM|Any CPU
		{E46F4BB3-7A17-4E8D-8805-8FC0ACB615CB}.Debug|ARM.ActiveCfg = PSM|Any CPU
		{E46F4BB3-7A17-4E8D-8805-8FC0ACB615CB}.Debug|Mixed Platforms.ActiveCfg = Windows8|Any CPU
		{E46F4BB3-7A17-4E8D-8805-8FC0ACB615CB}.Debug|x64.ActiveCfg = PSM|Any CPU
		{E46F4BB3-7A17-4E8D-8805-8FC0ACB615CB}.Debug|x86.ActiveCfg = PSM|Any CPU
		{E46F4BB3-7A17-4E8D-8805-8FC0ACB615CB}.iOS|Any CPU.ActiveCfg = iOS|Any CPU
		{E46F4BB3-7A17-4E8D-8805-8FC0ACB615CB}.iOS|ARM.ActiveCfg = iOS|Any CPU
		{E46F4BB3-7A17-4E8D-8805-8FC0ACB615CB}.iOS|Mixed Platforms.ActiveCfg = iOS|Any CPU
		{E46F4BB3-7A17-4E8D-8805-8FC0ACB615CB}.iOS|x64.ActiveCfg = iOS|Any CPU
		{E46F4BB3-7A17-4E8D-8805-8FC0ACB615CB}.iOS|x86.ActiveCfg = iOS|Any CPU
		{E46F4BB3-7A17-4E8D-8805-8FC0ACB615CB}.Linux|Any CPU.ActiveCfg = Linux|Any CPU
		{E46F4BB3-7A17-4E8D-8805-8FC0ACB615CB}.Linux|ARM.ActiveCfg = Linux|Any CPU
		{E46F4BB3-7A17-4E8D-8805-8FC0ACB615CB}.Linux|Mixed Platforms.ActiveCfg = Linux|Any CPU
		{E46F4BB3-7A17-4E8D-8805-8FC0ACB615CB}.Linux|x64.ActiveCfg = Linux|Any CPU
		{E46F4BB3-7A17-4E8D-8805-8FC0ACB615CB}.Linux|x86.ActiveCfg = Linux|Any CPU
		{E46F4BB3-7A17-4E8D-8805-8FC0ACB615CB}.OSX|Any CPU.ActiveCfg = OSX|Any CPU
		{E46F4BB3-7A17-4E8D-8805-8FC0ACB615CB}.OSX|ARM.ActiveCfg = OSX|Any CPU
		{E46F4BB3-7A17-4E8D-8805-8FC0ACB615CB}.OSX|Mixed Platforms.ActiveCfg = OSX|Any CPU
		{E46F4BB3-7A17-4E8D-8805-8FC0ACB615CB}.OSX|x64.ActiveCfg = OSX|Any CPU
		{E46F4BB3-7A17-4E8D-8805-8FC0ACB615CB}.OSX|x86.ActiveCfg = OSX|Any CPU
		{E46F4BB3-7A17-4E8D-8805-8FC0ACB615CB}.PSM|Any CPU.ActiveCfg = PSM|Any CPU
		{E46F4BB3-7A17-4E8D-8805-8FC0ACB615CB}.PSM|ARM.ActiveCfg = PSM|Any CPU
		{E46F4BB3-7A17-4E8D-8805-8FC0ACB615CB}.PSM|Mixed Platforms.ActiveCfg = PSM|Any CPU
		{E46F4BB3-7A17-4E8D-8805-8FC0ACB615CB}.PSM|x64.ActiveCfg = PSM|Any CPU
		{E46F4BB3-7A17-4E8D-8805-8FC0ACB615CB}.PSM|x86.ActiveCfg = PSM|Any CPU
		{E46F4BB3-7A17-4E8D-8805-8FC0ACB615CB}.Release|Any CPU.ActiveCfg = PSM|Any CPU
		{E46F4BB3-7A17-4E8D-8805-8FC0ACB615CB}.Release|ARM.ActiveCfg = PSM|Any CPU
		{E46F4BB3-7A17-4E8D-8805-8FC0ACB615CB}.Release|Mixed Platforms.ActiveCfg = Windows8|Any CPU
		{E46F4BB3-7A17-4E8D-8805-8FC0ACB615CB}.Release|x64.ActiveCfg = PSM|Any CPU
		{E46F4BB3-7A17-4E8D-8805-8FC0ACB615CB}.Release|x86.ActiveCfg = PSM|Any CPU
		{E46F4BB3-7A17-4E8D-8805-8FC0ACB615CB}.Windows|Any CPU.ActiveCfg = Windows|Any CPU
		{E46F4BB3-7A17-4E8D-8805-8FC0ACB615CB}.Windows|ARM.ActiveCfg = Windows|Any CPU
		{E46F4BB3-7A17-4E8D-8805-8FC0ACB615CB}.Windows|Mixed Platforms.ActiveCfg = Windows|Any CPU
		{E46F4BB3-7A17-4E8D-8805-8FC0ACB615CB}.Windows|x64.ActiveCfg = Windows|Any CPU
		{E46F4BB3-7A17-4E8D-8805-8FC0ACB615CB}.Windows|x86.ActiveCfg = Windows|Any CPU
		{E46F4BB3-7A17-4E8D-8805-8FC0ACB615CB}.Windows8|Any CPU.ActiveCfg = Windows8|Any CPU
		{E46F4BB3-7A17-4E8D-8805-8FC0ACB615CB}.Windows8|ARM.ActiveCfg = Windows8|Any CPU
		{E46F4BB3-7A17-4E8D-8805-8FC0ACB615CB}.Windows8|Mixed Platforms.ActiveCfg = Windows8|Any CPU
		{E46F4BB3-7A17-4E8D-8805-8FC0ACB615CB}.Windows8|x64.ActiveCfg = Windows8|Any CPU
		{E46F4BB3-7A17-4E8D-8805-8FC0ACB615CB}.Windows8|x86.ActiveCfg = Windows8|Any CPU
		{C5B2C61D-D4B5-4B74-832F-C45C42B4685E}.Android|Any CPU.ActiveCfg = Release|Any CPU
		{C5B2C61D-D4B5-4B74-832F-C45C42B4685E}.Android|Any CPU.Build.0 = Release|Any CPU
		{C5B2C61D-D4B5-4B74-832F-C45C42B4685E}.Android|ARM.ActiveCfg = Release|Any CPU
		{C5B2C61D-D4B5-4B74-832F-C45C42B4685E}.Android|Mixed Platforms.ActiveCfg = Debug|Any CPU
		{C5B2C61D-D4B5-4B74-832F-C45C42B4685E}.Android|Mixed Platforms.Build.0 = Debug|Any CPU
		{C5B2C61D-D4B5-4B74-832F-C45C42B4685E}.Android|x64.ActiveCfg = Release|Any CPU
		{C5B2C61D-D4B5-4B74-832F-C45C42B4685E}.Android|x86.ActiveCfg = Release|Any CPU
		{C5B2C61D-D4B5-4B74-832F-C45C42B4685E}.Debug|Any CPU.ActiveCfg = Debug|Any CPU
		{C5B2C61D-D4B5-4B74-832F-C45C42B4685E}.Debug|Any CPU.Build.0 = Debug|Any CPU
		{C5B2C61D-D4B5-4B74-832F-C45C42B4685E}.Debug|ARM.ActiveCfg = Debug|Any CPU
		{C5B2C61D-D4B5-4B74-832F-C45C42B4685E}.Debug|Mixed Platforms.ActiveCfg = Debug|Any CPU
		{C5B2C61D-D4B5-4B74-832F-C45C42B4685E}.Debug|Mixed Platforms.Build.0 = Debug|Any CPU
		{C5B2C61D-D4B5-4B74-832F-C45C42B4685E}.Debug|x64.ActiveCfg = Debug|Any CPU
		{C5B2C61D-D4B5-4B74-832F-C45C42B4685E}.Debug|x86.ActiveCfg = Debug|Any CPU
		{C5B2C61D-D4B5-4B74-832F-C45C42B4685E}.iOS|Any CPU.ActiveCfg = Release|Any CPU
		{C5B2C61D-D4B5-4B74-832F-C45C42B4685E}.iOS|Any CPU.Build.0 = Release|Any CPU
		{C5B2C61D-D4B5-4B74-832F-C45C42B4685E}.iOS|ARM.ActiveCfg = Release|Any CPU
		{C5B2C61D-D4B5-4B74-832F-C45C42B4685E}.iOS|Mixed Platforms.ActiveCfg = Debug|Any CPU
		{C5B2C61D-D4B5-4B74-832F-C45C42B4685E}.iOS|Mixed Platforms.Build.0 = Debug|Any CPU
		{C5B2C61D-D4B5-4B74-832F-C45C42B4685E}.iOS|x64.ActiveCfg = Release|Any CPU
		{C5B2C61D-D4B5-4B74-832F-C45C42B4685E}.iOS|x86.ActiveCfg = Release|Any CPU
		{C5B2C61D-D4B5-4B74-832F-C45C42B4685E}.Linux|Any CPU.ActiveCfg = Release|Any CPU
		{C5B2C61D-D4B5-4B74-832F-C45C42B4685E}.Linux|Any CPU.Build.0 = Release|Any CPU
		{C5B2C61D-D4B5-4B74-832F-C45C42B4685E}.Linux|ARM.ActiveCfg = Release|Any CPU
		{C5B2C61D-D4B5-4B74-832F-C45C42B4685E}.Linux|Mixed Platforms.ActiveCfg = Debug|Any CPU
		{C5B2C61D-D4B5-4B74-832F-C45C42B4685E}.Linux|Mixed Platforms.Build.0 = Debug|Any CPU
		{C5B2C61D-D4B5-4B74-832F-C45C42B4685E}.Linux|x64.ActiveCfg = Release|Any CPU
		{C5B2C61D-D4B5-4B74-832F-C45C42B4685E}.Linux|x86.ActiveCfg = Release|Any CPU
		{C5B2C61D-D4B5-4B74-832F-C45C42B4685E}.OSX|Any CPU.ActiveCfg = Release|Any CPU
		{C5B2C61D-D4B5-4B74-832F-C45C42B4685E}.OSX|Any CPU.Build.0 = Release|Any CPU
		{C5B2C61D-D4B5-4B74-832F-C45C42B4685E}.OSX|ARM.ActiveCfg = Release|Any CPU
		{C5B2C61D-D4B5-4B74-832F-C45C42B4685E}.OSX|Mixed Platforms.ActiveCfg = Debug|Any CPU
		{C5B2C61D-D4B5-4B74-832F-C45C42B4685E}.OSX|Mixed Platforms.Build.0 = Debug|Any CPU
		{C5B2C61D-D4B5-4B74-832F-C45C42B4685E}.OSX|x64.ActiveCfg = Release|Any CPU
		{C5B2C61D-D4B5-4B74-832F-C45C42B4685E}.OSX|x86.ActiveCfg = Release|Any CPU
		{C5B2C61D-D4B5-4B74-832F-C45C42B4685E}.PSM|Any CPU.ActiveCfg = Release|Any CPU
		{C5B2C61D-D4B5-4B74-832F-C45C42B4685E}.PSM|Any CPU.Build.0 = Release|Any CPU
		{C5B2C61D-D4B5-4B74-832F-C45C42B4685E}.PSM|ARM.ActiveCfg = Release|Any CPU
		{C5B2C61D-D4B5-4B74-832F-C45C42B4685E}.PSM|Mixed Platforms.ActiveCfg = Debug|Any CPU
		{C5B2C61D-D4B5-4B74-832F-C45C42B4685E}.PSM|Mixed Platforms.Build.0 = Debug|Any CPU
		{C5B2C61D-D4B5-4B74-832F-C45C42B4685E}.PSM|x64.ActiveCfg = Release|Any CPU
		{C5B2C61D-D4B5-4B74-832F-C45C42B4685E}.PSM|x86.ActiveCfg = Release|Any CPU
		{C5B2C61D-D4B5-4B74-832F-C45C42B4685E}.Release|Any CPU.ActiveCfg = Release|Any CPU
		{C5B2C61D-D4B5-4B74-832F-C45C42B4685E}.Release|Any CPU.Build.0 = Release|Any CPU
		{C5B2C61D-D4B5-4B74-832F-C45C42B4685E}.Release|ARM.ActiveCfg = Release|Any CPU
		{C5B2C61D-D4B5-4B74-832F-C45C42B4685E}.Release|Mixed Platforms.ActiveCfg = Release|Any CPU
		{C5B2C61D-D4B5-4B74-832F-C45C42B4685E}.Release|Mixed Platforms.Build.0 = Release|Any CPU
		{C5B2C61D-D4B5-4B74-832F-C45C42B4685E}.Release|x64.ActiveCfg = Release|Any CPU
		{C5B2C61D-D4B5-4B74-832F-C45C42B4685E}.Release|x86.ActiveCfg = Release|Any CPU
		{C5B2C61D-D4B5-4B74-832F-C45C42B4685E}.Windows|Any CPU.ActiveCfg = Release|Any CPU
		{C5B2C61D-D4B5-4B74-832F-C45C42B4685E}.Windows|Any CPU.Build.0 = Release|Any CPU
		{C5B2C61D-D4B5-4B74-832F-C45C42B4685E}.Windows|ARM.ActiveCfg = Release|Any CPU
		{C5B2C61D-D4B5-4B74-832F-C45C42B4685E}.Windows|Mixed Platforms.ActiveCfg = Debug|Any CPU
		{C5B2C61D-D4B5-4B74-832F-C45C42B4685E}.Windows|Mixed Platforms.Build.0 = Debug|Any CPU
		{C5B2C61D-D4B5-4B74-832F-C45C42B4685E}.Windows|x64.ActiveCfg = Release|Any CPU
		{C5B2C61D-D4B5-4B74-832F-C45C42B4685E}.Windows|x86.ActiveCfg = Release|Any CPU
		{C5B2C61D-D4B5-4B74-832F-C45C42B4685E}.Windows8|Any CPU.ActiveCfg = Release|Any CPU
		{C5B2C61D-D4B5-4B74-832F-C45C42B4685E}.Windows8|Any CPU.Build.0 = Release|Any CPU
		{C5B2C61D-D4B5-4B74-832F-C45C42B4685E}.Windows8|ARM.ActiveCfg = Release|Any CPU
		{C5B2C61D-D4B5-4B74-832F-C45C42B4685E}.Windows8|Mixed Platforms.ActiveCfg = Debug|Any CPU
		{C5B2C61D-D4B5-4B74-832F-C45C42B4685E}.Windows8|Mixed Platforms.Build.0 = Debug|Any CPU
		{C5B2C61D-D4B5-4B74-832F-C45C42B4685E}.Windows8|x64.ActiveCfg = Release|Any CPU
		{C5B2C61D-D4B5-4B74-832F-C45C42B4685E}.Windows8|x86.ActiveCfg = Release|Any CPU
		{C5F3C1DD-97FC-4B3C-938B-92A5AD4910CA}.Android|Any CPU.ActiveCfg = Release|x86
		{C5F3C1DD-97FC-4B3C-938B-92A5AD4910CA}.Android|Any CPU.Build.0 = Release|x86
		{C5F3C1DD-97FC-4B3C-938B-92A5AD4910CA}.Android|ARM.ActiveCfg = Release|x86
		{C5F3C1DD-97FC-4B3C-938B-92A5AD4910CA}.Android|ARM.Build.0 = Release|x86
		{C5F3C1DD-97FC-4B3C-938B-92A5AD4910CA}.Android|Mixed Platforms.ActiveCfg = Release|x86
		{C5F3C1DD-97FC-4B3C-938B-92A5AD4910CA}.Android|Mixed Platforms.Build.0 = Release|x86
		{C5F3C1DD-97FC-4B3C-938B-92A5AD4910CA}.Android|x64.ActiveCfg = Release|x86
		{C5F3C1DD-97FC-4B3C-938B-92A5AD4910CA}.Android|x64.Build.0 = Release|x86
		{C5F3C1DD-97FC-4B3C-938B-92A5AD4910CA}.Android|x86.ActiveCfg = Release|x86
		{C5F3C1DD-97FC-4B3C-938B-92A5AD4910CA}.Android|x86.Build.0 = Release|x86
		{C5F3C1DD-97FC-4B3C-938B-92A5AD4910CA}.Debug|Any CPU.ActiveCfg = Debug|x86
		{C5F3C1DD-97FC-4B3C-938B-92A5AD4910CA}.Debug|Any CPU.Build.0 = Debug|x86
		{C5F3C1DD-97FC-4B3C-938B-92A5AD4910CA}.Debug|ARM.ActiveCfg = Debug|x86
		{C5F3C1DD-97FC-4B3C-938B-92A5AD4910CA}.Debug|ARM.Build.0 = Debug|x86
		{C5F3C1DD-97FC-4B3C-938B-92A5AD4910CA}.Debug|Mixed Platforms.ActiveCfg = Debug|x86
		{C5F3C1DD-97FC-4B3C-938B-92A5AD4910CA}.Debug|Mixed Platforms.Build.0 = Debug|x86
		{C5F3C1DD-97FC-4B3C-938B-92A5AD4910CA}.Debug|x64.ActiveCfg = Debug|x86
		{C5F3C1DD-97FC-4B3C-938B-92A5AD4910CA}.Debug|x64.Build.0 = Debug|x86
		{C5F3C1DD-97FC-4B3C-938B-92A5AD4910CA}.Debug|x86.ActiveCfg = Debug|x86
		{C5F3C1DD-97FC-4B3C-938B-92A5AD4910CA}.Debug|x86.Build.0 = Debug|x86
		{C5F3C1DD-97FC-4B3C-938B-92A5AD4910CA}.iOS|Any CPU.ActiveCfg = Release|x86
		{C5F3C1DD-97FC-4B3C-938B-92A5AD4910CA}.iOS|Any CPU.Build.0 = Release|x86
		{C5F3C1DD-97FC-4B3C-938B-92A5AD4910CA}.iOS|ARM.ActiveCfg = Release|x86
		{C5F3C1DD-97FC-4B3C-938B-92A5AD4910CA}.iOS|ARM.Build.0 = Release|x86
		{C5F3C1DD-97FC-4B3C-938B-92A5AD4910CA}.iOS|Mixed Platforms.ActiveCfg = Release|x86
		{C5F3C1DD-97FC-4B3C-938B-92A5AD4910CA}.iOS|Mixed Platforms.Build.0 = Release|x86
		{C5F3C1DD-97FC-4B3C-938B-92A5AD4910CA}.iOS|x64.ActiveCfg = Release|x86
		{C5F3C1DD-97FC-4B3C-938B-92A5AD4910CA}.iOS|x64.Build.0 = Release|x86
		{C5F3C1DD-97FC-4B3C-938B-92A5AD4910CA}.iOS|x86.ActiveCfg = Release|x86
		{C5F3C1DD-97FC-4B3C-938B-92A5AD4910CA}.iOS|x86.Build.0 = Release|x86
		{C5F3C1DD-97FC-4B3C-938B-92A5AD4910CA}.Linux|Any CPU.ActiveCfg = Release|x86
		{C5F3C1DD-97FC-4B3C-938B-92A5AD4910CA}.Linux|Any CPU.Build.0 = Release|x86
		{C5F3C1DD-97FC-4B3C-938B-92A5AD4910CA}.Linux|ARM.ActiveCfg = Release|x86
		{C5F3C1DD-97FC-4B3C-938B-92A5AD4910CA}.Linux|ARM.Build.0 = Release|x86
		{C5F3C1DD-97FC-4B3C-938B-92A5AD4910CA}.Linux|Mixed Platforms.ActiveCfg = Release|x86
		{C5F3C1DD-97FC-4B3C-938B-92A5AD4910CA}.Linux|Mixed Platforms.Build.0 = Release|x86
		{C5F3C1DD-97FC-4B3C-938B-92A5AD4910CA}.Linux|x64.ActiveCfg = Release|x86
		{C5F3C1DD-97FC-4B3C-938B-92A5AD4910CA}.Linux|x64.Build.0 = Release|x86
		{C5F3C1DD-97FC-4B3C-938B-92A5AD4910CA}.Linux|x86.ActiveCfg = Release|x86
		{C5F3C1DD-97FC-4B3C-938B-92A5AD4910CA}.Linux|x86.Build.0 = Release|x86
		{C5F3C1DD-97FC-4B3C-938B-92A5AD4910CA}.OSX|Any CPU.ActiveCfg = Release|x86
		{C5F3C1DD-97FC-4B3C-938B-92A5AD4910CA}.OSX|Any CPU.Build.0 = Release|x86
		{C5F3C1DD-97FC-4B3C-938B-92A5AD4910CA}.OSX|ARM.ActiveCfg = Release|x86
		{C5F3C1DD-97FC-4B3C-938B-92A5AD4910CA}.OSX|ARM.Build.0 = Release|x86
		{C5F3C1DD-97FC-4B3C-938B-92A5AD4910CA}.OSX|Mixed Platforms.ActiveCfg = Release|x86
		{C5F3C1DD-97FC-4B3C-938B-92A5AD4910CA}.OSX|Mixed Platforms.Build.0 = Release|x86
		{C5F3C1DD-97FC-4B3C-938B-92A5AD4910CA}.OSX|x64.ActiveCfg = Release|x86
		{C5F3C1DD-97FC-4B3C-938B-92A5AD4910CA}.OSX|x64.Build.0 = Release|x86
		{C5F3C1DD-97FC-4B3C-938B-92A5AD4910CA}.OSX|x86.ActiveCfg = Release|x86
		{C5F3C1DD-97FC-4B3C-938B-92A5AD4910CA}.OSX|x86.Build.0 = Release|x86
		{C5F3C1DD-97FC-4B3C-938B-92A5AD4910CA}.PSM|Any CPU.ActiveCfg = Release|x86
		{C5F3C1DD-97FC-4B3C-938B-92A5AD4910CA}.PSM|Any CPU.Build.0 = Release|x86
		{C5F3C1DD-97FC-4B3C-938B-92A5AD4910CA}.PSM|ARM.ActiveCfg = Release|x86
		{C5F3C1DD-97FC-4B3C-938B-92A5AD4910CA}.PSM|ARM.Build.0 = Release|x86
		{C5F3C1DD-97FC-4B3C-938B-92A5AD4910CA}.PSM|Mixed Platforms.ActiveCfg = Release|x86
		{C5F3C1DD-97FC-4B3C-938B-92A5AD4910CA}.PSM|Mixed Platforms.Build.0 = Release|x86
		{C5F3C1DD-97FC-4B3C-938B-92A5AD4910CA}.PSM|x64.ActiveCfg = Release|x86
		{C5F3C1DD-97FC-4B3C-938B-92A5AD4910CA}.PSM|x64.Build.0 = Release|x86
		{C5F3C1DD-97FC-4B3C-938B-92A5AD4910CA}.PSM|x86.ActiveCfg = Release|x86
		{C5F3C1DD-97FC-4B3C-938B-92A5AD4910CA}.PSM|x86.Build.0 = Release|x86
		{C5F3C1DD-97FC-4B3C-938B-92A5AD4910CA}.Release|Any CPU.ActiveCfg = Release|x86
		{C5F3C1DD-97FC-4B3C-938B-92A5AD4910CA}.Release|Any CPU.Build.0 = Release|x86
		{C5F3C1DD-97FC-4B3C-938B-92A5AD4910CA}.Release|ARM.ActiveCfg = Release|x86
		{C5F3C1DD-97FC-4B3C-938B-92A5AD4910CA}.Release|ARM.Build.0 = Release|x86
		{C5F3C1DD-97FC-4B3C-938B-92A5AD4910CA}.Release|Mixed Platforms.ActiveCfg = Release|x86
		{C5F3C1DD-97FC-4B3C-938B-92A5AD4910CA}.Release|Mixed Platforms.Build.0 = Release|x86
		{C5F3C1DD-97FC-4B3C-938B-92A5AD4910CA}.Release|x64.ActiveCfg = Release|x86
		{C5F3C1DD-97FC-4B3C-938B-92A5AD4910CA}.Release|x64.Build.0 = Release|x86
		{C5F3C1DD-97FC-4B3C-938B-92A5AD4910CA}.Release|x86.ActiveCfg = Release|x86
		{C5F3C1DD-97FC-4B3C-938B-92A5AD4910CA}.Release|x86.Build.0 = Release|x86
		{C5F3C1DD-97FC-4B3C-938B-92A5AD4910CA}.Windows|Any CPU.ActiveCfg = Release|x86
		{C5F3C1DD-97FC-4B3C-938B-92A5AD4910CA}.Windows|Any CPU.Build.0 = Release|x86
		{C5F3C1DD-97FC-4B3C-938B-92A5AD4910CA}.Windows|ARM.ActiveCfg = Release|x86
		{C5F3C1DD-97FC-4B3C-938B-92A5AD4910CA}.Windows|ARM.Build.0 = Release|x86
		{C5F3C1DD-97FC-4B3C-938B-92A5AD4910CA}.Windows|Mixed Platforms.ActiveCfg = Release|x86
		{C5F3C1DD-97FC-4B3C-938B-92A5AD4910CA}.Windows|Mixed Platforms.Build.0 = Release|x86
		{C5F3C1DD-97FC-4B3C-938B-92A5AD4910CA}.Windows|x64.ActiveCfg = Release|x86
		{C5F3C1DD-97FC-4B3C-938B-92A5AD4910CA}.Windows|x64.Build.0 = Release|x86
		{C5F3C1DD-97FC-4B3C-938B-92A5AD4910CA}.Windows|x86.ActiveCfg = Release|x86
		{C5F3C1DD-97FC-4B3C-938B-92A5AD4910CA}.Windows|x86.Build.0 = Release|x86
		{C5F3C1DD-97FC-4B3C-938B-92A5AD4910CA}.Windows8|Any CPU.ActiveCfg = Release|x86
		{C5F3C1DD-97FC-4B3C-938B-92A5AD4910CA}.Windows8|Any CPU.Build.0 = Release|x86
		{C5F3C1DD-97FC-4B3C-938B-92A5AD4910CA}.Windows8|ARM.ActiveCfg = Release|x86
		{C5F3C1DD-97FC-4B3C-938B-92A5AD4910CA}.Windows8|ARM.Build.0 = Release|x86
		{C5F3C1DD-97FC-4B3C-938B-92A5AD4910CA}.Windows8|Mixed Platforms.ActiveCfg = Release|x86
		{C5F3C1DD-97FC-4B3C-938B-92A5AD4910CA}.Windows8|Mixed Platforms.Build.0 = Release|x86
		{C5F3C1DD-97FC-4B3C-938B-92A5AD4910CA}.Windows8|x64.ActiveCfg = Release|x86
		{C5F3C1DD-97FC-4B3C-938B-92A5AD4910CA}.Windows8|x64.Build.0 = Release|x86
		{C5F3C1DD-97FC-4B3C-938B-92A5AD4910CA}.Windows8|x86.ActiveCfg = Release|x86
		{C5F3C1DD-97FC-4B3C-938B-92A5AD4910CA}.Windows8|x86.Build.0 = Release|x86
	EndGlobalSection
	GlobalSection(SolutionProperties) = preSolution
		HideSolutionNode = FALSE
	EndGlobalSection
EndGlobal
